// !$*UTF8*$!
{
	archiveVersion = 1;
	classes = {
	};
	objectVersion = 56;
	objects = {

/* Begin PBXBuildFile section */
		1A4F4349219F3FD37A25F945 /* Pods_TestAssessment_TestAssessmentUITests.framework in Frameworks */ = {isa = PBXBuildFile; fileRef = D76F65E819012E31C41A5917 /* Pods_TestAssessment_TestAssessmentUITests.framework */; };
		1FE94E76A99F168BE68BAE97 /* Pods_TestAssessmentTests.framework in Frameworks */ = {isa = PBXBuildFile; fileRef = 6C2A1B384783131632BB4C77 /* Pods_TestAssessmentTests.framework */; };
		52D3B6312C074CD3009EFEA1 /* AppDelegate.swift in Sources */ = {isa = PBXBuildFile; fileRef = 52D3B6302C074CD3009EFEA1 /* AppDelegate.swift */; };
		52D3B6332C074CD3009EFEA1 /* SceneDelegate.swift in Sources */ = {isa = PBXBuildFile; fileRef = 52D3B6322C074CD3009EFEA1 /* SceneDelegate.swift */; };
		52D3B6352C074CD3009EFEA1 /* TAPostListViewController.swift in Sources */ = {isa = PBXBuildFile; fileRef = 52D3B6342C074CD3009EFEA1 /* TAPostListViewController.swift */; };
		52D3B6382C074CD3009EFEA1 /* Main.storyboard in Resources */ = {isa = PBXBuildFile; fileRef = 52D3B6362C074CD3009EFEA1 /* Main.storyboard */; };
		52D3B63A2C074CD7009EFEA1 /* Assets.xcassets in Resources */ = {isa = PBXBuildFile; fileRef = 52D3B6392C074CD7009EFEA1 /* Assets.xcassets */; };
		52D3B63D2C074CD7009EFEA1 /* LaunchScreen.storyboard in Resources */ = {isa = PBXBuildFile; fileRef = 52D3B63B2C074CD7009EFEA1 /* LaunchScreen.storyboard */; };
		52D3B6482C074CD7009EFEA1 /* TestAssessmentTests.swift in Sources */ = {isa = PBXBuildFile; fileRef = 52D3B6472C074CD7009EFEA1 /* TestAssessmentTests.swift */; };
		52D3B6522C074CD7009EFEA1 /* TestAssessmentUITests.swift in Sources */ = {isa = PBXBuildFile; fileRef = 52D3B6512C074CD7009EFEA1 /* TestAssessmentUITests.swift */; };
		52D3B6542C074CD7009EFEA1 /* TestAssessmentUITestsLaunchTests.swift in Sources */ = {isa = PBXBuildFile; fileRef = 52D3B6532C074CD7009EFEA1 /* TestAssessmentUITestsLaunchTests.swift */; };
		52D3B6652C074D7C009EFEA1 /* TADataManager.swift in Sources */ = {isa = PBXBuildFile; fileRef = 52D3B6642C074D7C009EFEA1 /* TADataManager.swift */; };
		52D3B6672C074D9D009EFEA1 /* TAAPIConstants.swift in Sources */ = {isa = PBXBuildFile; fileRef = 52D3B6662C074D9D009EFEA1 /* TAAPIConstants.swift */; };
		52D3B6692C0757D5009EFEA1 /* TAPost.swift in Sources */ = {isa = PBXBuildFile; fileRef = 52D3B6682C0757D4009EFEA1 /* TAPost.swift */; };
		52D3B66B2C0758BB009EFEA1 /* TAStringConstants.swift in Sources */ = {isa = PBXBuildFile; fileRef = 52D3B66A2C0758BB009EFEA1 /* TAStringConstants.swift */; };
		52D3B66E2C08275B009EFEA1 /* TAPostListViewModel.swift in Sources */ = {isa = PBXBuildFile; fileRef = 52D3B66D2C08275B009EFEA1 /* TAPostListViewModel.swift */; };
		52D3B6712C0841AC009EFEA1 /* TAPostTableViewCell.swift in Sources */ = {isa = PBXBuildFile; fileRef = 52D3B6702C0841AC009EFEA1 /* TAPostTableViewCell.swift */; };
		52D3B67C2C08AFAC009EFEA1 /* TAPostDetailViewController.swift in Sources */ = {isa = PBXBuildFile; fileRef = 52D3B67B2C08AFAC009EFEA1 /* TAPostDetailViewController.swift */; };
		52D3B67E2C08B3E8009EFEA1 /* TAComputationCacheManager.swift in Sources */ = {isa = PBXBuildFile; fileRef = 52D3B67D2C08B3E8009EFEA1 /* TAComputationCacheManager.swift */; };
		ECDE7C0DC09514C58796BB6E /* Pods_TestAssessment.framework in Frameworks */ = {isa = PBXBuildFile; fileRef = 51CA1C9829B379197E01A7F9 /* Pods_TestAssessment.framework */; };
/* End PBXBuildFile section */

/* Begin PBXContainerItemProxy section */
		52D3B6442C074CD7009EFEA1 /* PBXContainerItemProxy */ = {
			isa = PBXContainerItemProxy;
			containerPortal = 52D3B6252C074CD3009EFEA1 /* Project object */;
			proxyType = 1;
			remoteGlobalIDString = 52D3B62C2C074CD3009EFEA1;
			remoteInfo = TestAssessment;
		};
		52D3B64E2C074CD7009EFEA1 /* PBXContainerItemProxy */ = {
			isa = PBXContainerItemProxy;
			containerPortal = 52D3B6252C074CD3009EFEA1 /* Project object */;
			proxyType = 1;
			remoteGlobalIDString = 52D3B62C2C074CD3009EFEA1;
			remoteInfo = TestAssessment;
		};
/* End PBXContainerItemProxy section */

/* Begin PBXFileReference section */
		0BF69E741DAAE471EF176505 /* Pods-TestAssessment.debug.xcconfig */ = {isa = PBXFileReference; includeInIndex = 1; lastKnownFileType = text.xcconfig; name = "Pods-TestAssessment.debug.xcconfig"; path = "Target Support Files/Pods-TestAssessment/Pods-TestAssessment.debug.xcconfig"; sourceTree = "<group>"; };
		47A4F63AF4BD16E0137D3D2C /* Pods-TestAssessment.release.xcconfig */ = {isa = PBXFileReference; includeInIndex = 1; lastKnownFileType = text.xcconfig; name = "Pods-TestAssessment.release.xcconfig"; path = "Target Support Files/Pods-TestAssessment/Pods-TestAssessment.release.xcconfig"; sourceTree = "<group>"; };
		51CA1C9829B379197E01A7F9 /* Pods_TestAssessment.framework */ = {isa = PBXFileReference; explicitFileType = wrapper.framework; includeInIndex = 0; path = Pods_TestAssessment.framework; sourceTree = BUILT_PRODUCTS_DIR; };
		52D3B62D2C074CD3009EFEA1 /* TestAssessment.app */ = {isa = PBXFileReference; explicitFileType = wrapper.application; includeInIndex = 0; path = TestAssessment.app; sourceTree = BUILT_PRODUCTS_DIR; };
		52D3B6302C074CD3009EFEA1 /* AppDelegate.swift */ = {isa = PBXFileReference; lastKnownFileType = sourcecode.swift; path = AppDelegate.swift; sourceTree = "<group>"; };
		52D3B6322C074CD3009EFEA1 /* SceneDelegate.swift */ = {isa = PBXFileReference; lastKnownFileType = sourcecode.swift; path = SceneDelegate.swift; sourceTree = "<group>"; };
		52D3B6342C074CD3009EFEA1 /* TAPostListViewController.swift */ = {isa = PBXFileReference; lastKnownFileType = sourcecode.swift; path = TAPostListViewController.swift; sourceTree = "<group>"; };
		52D3B6372C074CD3009EFEA1 /* Base */ = {isa = PBXFileReference; lastKnownFileType = file.storyboard; name = Base; path = Base.lproj/Main.storyboard; sourceTree = "<group>"; };
		52D3B6392C074CD7009EFEA1 /* Assets.xcassets */ = {isa = PBXFileReference; lastKnownFileType = folder.assetcatalog; path = Assets.xcassets; sourceTree = "<group>"; };
		52D3B63C2C074CD7009EFEA1 /* Base */ = {isa = PBXFileReference; lastKnownFileType = file.storyboard; name = Base; path = Base.lproj/LaunchScreen.storyboard; sourceTree = "<group>"; };
		52D3B63E2C074CD7009EFEA1 /* Info.plist */ = {isa = PBXFileReference; lastKnownFileType = text.plist.xml; path = Info.plist; sourceTree = "<group>"; };
		52D3B6432C074CD7009EFEA1 /* TestAssessmentTests.xctest */ = {isa = PBXFileReference; explicitFileType = wrapper.cfbundle; includeInIndex = 0; path = TestAssessmentTests.xctest; sourceTree = BUILT_PRODUCTS_DIR; };
		52D3B6472C074CD7009EFEA1 /* TestAssessmentTests.swift */ = {isa = PBXFileReference; lastKnownFileType = sourcecode.swift; path = TestAssessmentTests.swift; sourceTree = "<group>"; };
		52D3B64D2C074CD7009EFEA1 /* TestAssessmentUITests.xctest */ = {isa = PBXFileReference; explicitFileType = wrapper.cfbundle; includeInIndex = 0; path = TestAssessmentUITests.xctest; sourceTree = BUILT_PRODUCTS_DIR; };
		52D3B6512C074CD7009EFEA1 /* TestAssessmentUITests.swift */ = {isa = PBXFileReference; lastKnownFileType = sourcecode.swift; path = TestAssessmentUITests.swift; sourceTree = "<group>"; };
		52D3B6532C074CD7009EFEA1 /* TestAssessmentUITestsLaunchTests.swift */ = {isa = PBXFileReference; lastKnownFileType = sourcecode.swift; path = TestAssessmentUITestsLaunchTests.swift; sourceTree = "<group>"; };
		52D3B6642C074D7C009EFEA1 /* TADataManager.swift */ = {isa = PBXFileReference; lastKnownFileType = sourcecode.swift; path = TADataManager.swift; sourceTree = "<group>"; };
		52D3B6662C074D9D009EFEA1 /* TAAPIConstants.swift */ = {isa = PBXFileReference; lastKnownFileType = sourcecode.swift; path = TAAPIConstants.swift; sourceTree = "<group>"; };
		52D3B6682C0757D4009EFEA1 /* TAPost.swift */ = {isa = PBXFileReference; lastKnownFileType = sourcecode.swift; path = TAPost.swift; sourceTree = "<group>"; };
		52D3B66A2C0758BB009EFEA1 /* TAStringConstants.swift */ = {isa = PBXFileReference; lastKnownFileType = sourcecode.swift; path = TAStringConstants.swift; sourceTree = "<group>"; };
		52D3B66D2C08275B009EFEA1 /* TAPostListViewModel.swift */ = {isa = PBXFileReference; lastKnownFileType = sourcecode.swift; path = TAPostListViewModel.swift; sourceTree = "<group>"; };
		52D3B6702C0841AC009EFEA1 /* TAPostTableViewCell.swift */ = {isa = PBXFileReference; lastKnownFileType = sourcecode.swift; path = TAPostTableViewCell.swift; sourceTree = "<group>"; };
		52D3B67B2C08AFAC009EFEA1 /* TAPostDetailViewController.swift */ = {isa = PBXFileReference; lastKnownFileType = sourcecode.swift; path = TAPostDetailViewController.swift; sourceTree = "<group>"; };
		52D3B67D2C08B3E8009EFEA1 /* TAComputationCacheManager.swift */ = {isa = PBXFileReference; lastKnownFileType = sourcecode.swift; path = TAComputationCacheManager.swift; sourceTree = "<group>"; };
		6C2A1B384783131632BB4C77 /* Pods_TestAssessmentTests.framework */ = {isa = PBXFileReference; explicitFileType = wrapper.framework; includeInIndex = 0; path = Pods_TestAssessmentTests.framework; sourceTree = BUILT_PRODUCTS_DIR; };
		C0D9397F1395290B8A4F9C94 /* Pods-TestAssessment-TestAssessmentUITests.release.xcconfig */ = {isa = PBXFileReference; includeInIndex = 1; lastKnownFileType = text.xcconfig; name = "Pods-TestAssessment-TestAssessmentUITests.release.xcconfig"; path = "Target Support Files/Pods-TestAssessment-TestAssessmentUITests/Pods-TestAssessment-TestAssessmentUITests.release.xcconfig"; sourceTree = "<group>"; };
		CC53FBF7391C33B0EEB5CC5C /* Pods-TestAssessment-TestAssessmentUITests.debug.xcconfig */ = {isa = PBXFileReference; includeInIndex = 1; lastKnownFileType = text.xcconfig; name = "Pods-TestAssessment-TestAssessmentUITests.debug.xcconfig"; path = "Target Support Files/Pods-TestAssessment-TestAssessmentUITests/Pods-TestAssessment-TestAssessmentUITests.debug.xcconfig"; sourceTree = "<group>"; };
		CD7DA7C215AB6D19EB4EFEF0 /* Pods-TestAssessmentTests.release.xcconfig */ = {isa = PBXFileReference; includeInIndex = 1; lastKnownFileType = text.xcconfig; name = "Pods-TestAssessmentTests.release.xcconfig"; path = "Target Support Files/Pods-TestAssessmentTests/Pods-TestAssessmentTests.release.xcconfig"; sourceTree = "<group>"; };
		D44958DC0E2B83892F1502AE /* Pods-TestAssessmentTests.debug.xcconfig */ = {isa = PBXFileReference; includeInIndex = 1; lastKnownFileType = text.xcconfig; name = "Pods-TestAssessmentTests.debug.xcconfig"; path = "Target Support Files/Pods-TestAssessmentTests/Pods-TestAssessmentTests.debug.xcconfig"; sourceTree = "<group>"; };
		D76F65E819012E31C41A5917 /* Pods_TestAssessment_TestAssessmentUITests.framework */ = {isa = PBXFileReference; explicitFileType = wrapper.framework; includeInIndex = 0; path = Pods_TestAssessment_TestAssessmentUITests.framework; sourceTree = BUILT_PRODUCTS_DIR; };
/* End PBXFileReference section */

/* Begin PBXFrameworksBuildPhase section */
		52D3B62A2C074CD3009EFEA1 /* Frameworks */ = {
			isa = PBXFrameworksBuildPhase;
			buildActionMask = 2147483647;
			files = (
				ECDE7C0DC09514C58796BB6E /* Pods_TestAssessment.framework in Frameworks */,
			);
			runOnlyForDeploymentPostprocessing = 0;
		};
		52D3B6402C074CD7009EFEA1 /* Frameworks */ = {
			isa = PBXFrameworksBuildPhase;
			buildActionMask = 2147483647;
			files = (
				1FE94E76A99F168BE68BAE97 /* Pods_TestAssessmentTests.framework in Frameworks */,
			);
			runOnlyForDeploymentPostprocessing = 0;
		};
		52D3B64A2C074CD7009EFEA1 /* Frameworks */ = {
			isa = PBXFrameworksBuildPhase;
			buildActionMask = 2147483647;
			files = (
				1A4F4349219F3FD37A25F945 /* Pods_TestAssessment_TestAssessmentUITests.framework in Frameworks */,
			);
			runOnlyForDeploymentPostprocessing = 0;
		};
/* End PBXFrameworksBuildPhase section */

/* Begin PBXGroup section */
		1919A58CAC2F86EDF6EB235E /* Frameworks */ = {
			isa = PBXGroup;
			children = (
				51CA1C9829B379197E01A7F9 /* Pods_TestAssessment.framework */,
				D76F65E819012E31C41A5917 /* Pods_TestAssessment_TestAssessmentUITests.framework */,
				6C2A1B384783131632BB4C77 /* Pods_TestAssessmentTests.framework */,
			);
			name = Frameworks;
			sourceTree = "<group>";
		};
		3687CF5D89F46E5B62C44360 /* Pods */ = {
			isa = PBXGroup;
			children = (
				0BF69E741DAAE471EF176505 /* Pods-TestAssessment.debug.xcconfig */,
				47A4F63AF4BD16E0137D3D2C /* Pods-TestAssessment.release.xcconfig */,
				CC53FBF7391C33B0EEB5CC5C /* Pods-TestAssessment-TestAssessmentUITests.debug.xcconfig */,
				C0D9397F1395290B8A4F9C94 /* Pods-TestAssessment-TestAssessmentUITests.release.xcconfig */,
				D44958DC0E2B83892F1502AE /* Pods-TestAssessmentTests.debug.xcconfig */,
				CD7DA7C215AB6D19EB4EFEF0 /* Pods-TestAssessmentTests.release.xcconfig */,
			);
			path = Pods;
			sourceTree = "<group>";
		};
		52D3B6242C074CD3009EFEA1 = {
			isa = PBXGroup;
			children = (
				52D3B62F2C074CD3009EFEA1 /* TestAssessment */,
				52D3B6462C074CD7009EFEA1 /* TestAssessmentTests */,
				52D3B6502C074CD7009EFEA1 /* TestAssessmentUITests */,
				52D3B62E2C074CD3009EFEA1 /* Products */,
				3687CF5D89F46E5B62C44360 /* Pods */,
				1919A58CAC2F86EDF6EB235E /* Frameworks */,
			);
			sourceTree = "<group>";
		};
		52D3B62E2C074CD3009EFEA1 /* Products */ = {
			isa = PBXGroup;
			children = (
				52D3B62D2C074CD3009EFEA1 /* TestAssessment.app */,
				52D3B6432C074CD7009EFEA1 /* TestAssessmentTests.xctest */,
				52D3B64D2C074CD7009EFEA1 /* TestAssessmentUITests.xctest */,
			);
			name = Products;
			sourceTree = "<group>";
		};
		52D3B62F2C074CD3009EFEA1 /* TestAssessment */ = {
			isa = PBXGroup;
			children = (
				52D3B66F2C084178009EFEA1 /* Views */,
				52D3B6622C074D53009EFEA1 /* Models */,
				52D3B6612C074D4C009EFEA1 /* Controllers */,
				52D3B66C2C08270E009EFEA1 /* ViewModels */,
				52D3B6602C074D40009EFEA1 /* Utilities */,
				52D3B6632C074D5E009EFEA1 /* Constants */,
				52D3B6302C074CD3009EFEA1 /* AppDelegate.swift */,
				52D3B6322C074CD3009EFEA1 /* SceneDelegate.swift */,
				52D3B6342C074CD3009EFEA1 /* TAPostListViewController.swift */,
				52D3B6362C074CD3009EFEA1 /* Main.storyboard */,
				52D3B6392C074CD7009EFEA1 /* Assets.xcassets */,
				52D3B63B2C074CD7009EFEA1 /* LaunchScreen.storyboard */,
				52D3B63E2C074CD7009EFEA1 /* Info.plist */,
			);
			path = TestAssessment;
			sourceTree = "<group>";
		};
		52D3B6462C074CD7009EFEA1 /* TestAssessmentTests */ = {
			isa = PBXGroup;
			children = (
				52D3B6472C074CD7009EFEA1 /* TestAssessmentTests.swift */,
			);
			path = TestAssessmentTests;
			sourceTree = "<group>";
		};
		52D3B6502C074CD7009EFEA1 /* TestAssessmentUITests */ = {
			isa = PBXGroup;
			children = (
				52D3B6512C074CD7009EFEA1 /* TestAssessmentUITests.swift */,
				52D3B6532C074CD7009EFEA1 /* TestAssessmentUITestsLaunchTests.swift */,
			);
			path = TestAssessmentUITests;
			sourceTree = "<group>";
		};
		52D3B6602C074D40009EFEA1 /* Utilities */ = {
			isa = PBXGroup;
			children = (
				52D3B6642C074D7C009EFEA1 /* TADataManager.swift */,
				52D3B67D2C08B3E8009EFEA1 /* TAComputationCacheManager.swift */,
			);
			path = Utilities;
			sourceTree = "<group>";
		};
		52D3B6612C074D4C009EFEA1 /* Controllers */ = {
			isa = PBXGroup;
			children = (
				52D3B67B2C08AFAC009EFEA1 /* TAPostDetailViewController.swift */,
			);
			path = Controllers;
			sourceTree = "<group>";
		};
		52D3B6622C074D53009EFEA1 /* Models */ = {
			isa = PBXGroup;
			children = (
				52D3B6682C0757D4009EFEA1 /* TAPost.swift */,
			);
			path = Models;
			sourceTree = "<group>";
		};
		52D3B6632C074D5E009EFEA1 /* Constants */ = {
			isa = PBXGroup;
			children = (
				52D3B6662C074D9D009EFEA1 /* TAAPIConstants.swift */,
				52D3B66A2C0758BB009EFEA1 /* TAStringConstants.swift */,
			);
			path = Constants;
			sourceTree = "<group>";
		};
		52D3B66C2C08270E009EFEA1 /* ViewModels */ = {
			isa = PBXGroup;
			children = (
				52D3B66D2C08275B009EFEA1 /* TAPostListViewModel.swift */,
			);
			path = ViewModels;
			sourceTree = "<group>";
		};
		52D3B66F2C084178009EFEA1 /* Views */ = {
			isa = PBXGroup;
			children = (
				52D3B6722C089DE3009EFEA1 /* Table Cells */,
			);
			path = Views;
			sourceTree = "<group>";
		};
		52D3B6722C089DE3009EFEA1 /* Table Cells */ = {
			isa = PBXGroup;
			children = (
				52D3B6702C0841AC009EFEA1 /* TAPostTableViewCell.swift */,
			);
			path = "Table Cells";
			sourceTree = "<group>";
		};
/* End PBXGroup section */

/* Begin PBXNativeTarget section */
		52D3B62C2C074CD3009EFEA1 /* TestAssessment */ = {
			isa = PBXNativeTarget;
			buildConfigurationList = 52D3B6572C074CD7009EFEA1 /* Build configuration list for PBXNativeTarget "TestAssessment" */;
			buildPhases = (
				C10D52EC3B261D744B3EF6C8 /* [CP] Check Pods Manifest.lock */,
				52D3B6292C074CD3009EFEA1 /* Sources */,
				52D3B62A2C074CD3009EFEA1 /* Frameworks */,
				52D3B62B2C074CD3009EFEA1 /* Resources */,
				7CB8042B0773D49954D5F1D8 /* [CP] Embed Pods Frameworks */,
			);
			buildRules = (
			);
			dependencies = (
			);
			name = TestAssessment;
			productName = TestAssessment;
			productReference = 52D3B62D2C074CD3009EFEA1 /* TestAssessment.app */;
			productType = "com.apple.product-type.application";
		};
		52D3B6422C074CD7009EFEA1 /* TestAssessmentTests */ = {
			isa = PBXNativeTarget;
			buildConfigurationList = 52D3B65A2C074CD7009EFEA1 /* Build configuration list for PBXNativeTarget "TestAssessmentTests" */;
			buildPhases = (
				E610001F4547FBEFBD35F28F /* [CP] Check Pods Manifest.lock */,
				52D3B63F2C074CD7009EFEA1 /* Sources */,
				52D3B6402C074CD7009EFEA1 /* Frameworks */,
				52D3B6412C074CD7009EFEA1 /* Resources */,
			);
			buildRules = (
			);
			dependencies = (
				52D3B6452C074CD7009EFEA1 /* PBXTargetDependency */,
			);
			name = TestAssessmentTests;
			productName = TestAssessmentTests;
			productReference = 52D3B6432C074CD7009EFEA1 /* TestAssessmentTests.xctest */;
			productType = "com.apple.product-type.bundle.unit-test";
		};
		52D3B64C2C074CD7009EFEA1 /* TestAssessmentUITests */ = {
			isa = PBXNativeTarget;
			buildConfigurationList = 52D3B65D2C074CD7009EFEA1 /* Build configuration list for PBXNativeTarget "TestAssessmentUITests" */;
			buildPhases = (
				CB0A6E67915D35CE57C9E73D /* [CP] Check Pods Manifest.lock */,
				52D3B6492C074CD7009EFEA1 /* Sources */,
				52D3B64A2C074CD7009EFEA1 /* Frameworks */,
				52D3B64B2C074CD7009EFEA1 /* Resources */,
				4B5BE6579D2740E1ADD9248D /* [CP] Embed Pods Frameworks */,
			);
			buildRules = (
			);
			dependencies = (
				52D3B64F2C074CD7009EFEA1 /* PBXTargetDependency */,
			);
			name = TestAssessmentUITests;
			productName = TestAssessmentUITests;
			productReference = 52D3B64D2C074CD7009EFEA1 /* TestAssessmentUITests.xctest */;
			productType = "com.apple.product-type.bundle.ui-testing";
		};
/* End PBXNativeTarget section */

/* Begin PBXProject section */
		52D3B6252C074CD3009EFEA1 /* Project object */ = {
			isa = PBXProject;
			attributes = {
				BuildIndependentTargetsInParallel = 1;
				LastSwiftUpdateCheck = 1520;
				LastUpgradeCheck = 1520;
				TargetAttributes = {
					52D3B62C2C074CD3009EFEA1 = {
						CreatedOnToolsVersion = 15.2;
					};
					52D3B6422C074CD7009EFEA1 = {
						CreatedOnToolsVersion = 15.2;
						TestTargetID = 52D3B62C2C074CD3009EFEA1;
					};
					52D3B64C2C074CD7009EFEA1 = {
						CreatedOnToolsVersion = 15.2;
						TestTargetID = 52D3B62C2C074CD3009EFEA1;
					};
				};
			};
			buildConfigurationList = 52D3B6282C074CD3009EFEA1 /* Build configuration list for PBXProject "TestAssessment" */;
			compatibilityVersion = "Xcode 14.0";
			developmentRegion = en;
			hasScannedForEncodings = 0;
			knownRegions = (
				en,
				Base,
			);
			mainGroup = 52D3B6242C074CD3009EFEA1;
			productRefGroup = 52D3B62E2C074CD3009EFEA1 /* Products */;
			projectDirPath = "";
			projectRoot = "";
			targets = (
				52D3B62C2C074CD3009EFEA1 /* TestAssessment */,
				52D3B6422C074CD7009EFEA1 /* TestAssessmentTests */,
				52D3B64C2C074CD7009EFEA1 /* TestAssessmentUITests */,
			);
		};
/* End PBXProject section */

/* Begin PBXResourcesBuildPhase section */
		52D3B62B2C074CD3009EFEA1 /* Resources */ = {
			isa = PBXResourcesBuildPhase;
			buildActionMask = 2147483647;
			files = (
				52D3B63D2C074CD7009EFEA1 /* LaunchScreen.storyboard in Resources */,
				52D3B63A2C074CD7009EFEA1 /* Assets.xcassets in Resources */,
				52D3B6382C074CD3009EFEA1 /* Main.storyboard in Resources */,
			);
			runOnlyForDeploymentPostprocessing = 0;
		};
		52D3B6412C074CD7009EFEA1 /* Resources */ = {
			isa = PBXResourcesBuildPhase;
			buildActionMask = 2147483647;
			files = (
			);
			runOnlyForDeploymentPostprocessing = 0;
		};
		52D3B64B2C074CD7009EFEA1 /* Resources */ = {
			isa = PBXResourcesBuildPhase;
			buildActionMask = 2147483647;
			files = (
			);
			runOnlyForDeploymentPostprocessing = 0;
		};
/* End PBXResourcesBuildPhase section */

/* Begin PBXShellScriptBuildPhase section */
		4B5BE6579D2740E1ADD9248D /* [CP] Embed Pods Frameworks */ = {
			isa = PBXShellScriptBuildPhase;
			buildActionMask = 2147483647;
			files = (
			);
			inputFileListPaths = (
				"${PODS_ROOT}/Target Support Files/Pods-TestAssessment-TestAssessmentUITests/Pods-TestAssessment-TestAssessmentUITests-frameworks-${CONFIGURATION}-input-files.xcfilelist",
			);
			name = "[CP] Embed Pods Frameworks";
			outputFileListPaths = (
				"${PODS_ROOT}/Target Support Files/Pods-TestAssessment-TestAssessmentUITests/Pods-TestAssessment-TestAssessmentUITests-frameworks-${CONFIGURATION}-output-files.xcfilelist",
			);
			runOnlyForDeploymentPostprocessing = 0;
			shellPath = /bin/sh;
			shellScript = "\"${PODS_ROOT}/Target Support Files/Pods-TestAssessment-TestAssessmentUITests/Pods-TestAssessment-TestAssessmentUITests-frameworks.sh\"\n";
			showEnvVarsInLog = 0;
		};
		7CB8042B0773D49954D5F1D8 /* [CP] Embed Pods Frameworks */ = {
			isa = PBXShellScriptBuildPhase;
			buildActionMask = 2147483647;
			files = (
			);
			inputFileListPaths = (
				"${PODS_ROOT}/Target Support Files/Pods-TestAssessment/Pods-TestAssessment-frameworks-${CONFIGURATION}-input-files.xcfilelist",
			);
			name = "[CP] Embed Pods Frameworks";
			outputFileListPaths = (
				"${PODS_ROOT}/Target Support Files/Pods-TestAssessment/Pods-TestAssessment-frameworks-${CONFIGURATION}-output-files.xcfilelist",
			);
			runOnlyForDeploymentPostprocessing = 0;
			shellPath = /bin/sh;
			shellScript = "\"${PODS_ROOT}/Target Support Files/Pods-TestAssessment/Pods-TestAssessment-frameworks.sh\"\n";
			showEnvVarsInLog = 0;
		};
		C10D52EC3B261D744B3EF6C8 /* [CP] Check Pods Manifest.lock */ = {
			isa = PBXShellScriptBuildPhase;
			buildActionMask = 2147483647;
			files = (
			);
			inputFileListPaths = (
			);
			inputPaths = (
				"${PODS_PODFILE_DIR_PATH}/Podfile.lock",
				"${PODS_ROOT}/Manifest.lock",
			);
			name = "[CP] Check Pods Manifest.lock";
			outputFileListPaths = (
			);
			outputPaths = (
				"$(DERIVED_FILE_DIR)/Pods-TestAssessment-checkManifestLockResult.txt",
			);
			runOnlyForDeploymentPostprocessing = 0;
			shellPath = /bin/sh;
			shellScript = "diff \"${PODS_PODFILE_DIR_PATH}/Podfile.lock\" \"${PODS_ROOT}/Manifest.lock\" > /dev/null\nif [ $? != 0 ] ; then\n    # print error to STDERR\n    echo \"error: The sandbox is not in sync with the Podfile.lock. Run 'pod install' or update your CocoaPods installation.\" >&2\n    exit 1\nfi\n# This output is used by Xcode 'outputs' to avoid re-running this script phase.\necho \"SUCCESS\" > \"${SCRIPT_OUTPUT_FILE_0}\"\n";
			showEnvVarsInLog = 0;
		};
		CB0A6E67915D35CE57C9E73D /* [CP] Check Pods Manifest.lock */ = {
			isa = PBXShellScriptBuildPhase;
			buildActionMask = 2147483647;
			files = (
			);
			inputFileListPaths = (
			);
			inputPaths = (
				"${PODS_PODFILE_DIR_PATH}/Podfile.lock",
				"${PODS_ROOT}/Manifest.lock",
			);
			name = "[CP] Check Pods Manifest.lock";
			outputFileListPaths = (
			);
			outputPaths = (
				"$(DERIVED_FILE_DIR)/Pods-TestAssessment-TestAssessmentUITests-checkManifestLockResult.txt",
			);
			runOnlyForDeploymentPostprocessing = 0;
			shellPath = /bin/sh;
			shellScript = "diff \"${PODS_PODFILE_DIR_PATH}/Podfile.lock\" \"${PODS_ROOT}/Manifest.lock\" > /dev/null\nif [ $? != 0 ] ; then\n    # print error to STDERR\n    echo \"error: The sandbox is not in sync with the Podfile.lock. Run 'pod install' or update your CocoaPods installation.\" >&2\n    exit 1\nfi\n# This output is used by Xcode 'outputs' to avoid re-running this script phase.\necho \"SUCCESS\" > \"${SCRIPT_OUTPUT_FILE_0}\"\n";
			showEnvVarsInLog = 0;
		};
		E610001F4547FBEFBD35F28F /* [CP] Check Pods Manifest.lock */ = {
			isa = PBXShellScriptBuildPhase;
			buildActionMask = 2147483647;
			files = (
			);
			inputFileListPaths = (
			);
			inputPaths = (
				"${PODS_PODFILE_DIR_PATH}/Podfile.lock",
				"${PODS_ROOT}/Manifest.lock",
			);
			name = "[CP] Check Pods Manifest.lock";
			outputFileListPaths = (
			);
			outputPaths = (
				"$(DERIVED_FILE_DIR)/Pods-TestAssessmentTests-checkManifestLockResult.txt",
			);
			runOnlyForDeploymentPostprocessing = 0;
			shellPath = /bin/sh;
			shellScript = "diff \"${PODS_PODFILE_DIR_PATH}/Podfile.lock\" \"${PODS_ROOT}/Manifest.lock\" > /dev/null\nif [ $? != 0 ] ; then\n    # print error to STDERR\n    echo \"error: The sandbox is not in sync with the Podfile.lock. Run 'pod install' or update your CocoaPods installation.\" >&2\n    exit 1\nfi\n# This output is used by Xcode 'outputs' to avoid re-running this script phase.\necho \"SUCCESS\" > \"${SCRIPT_OUTPUT_FILE_0}\"\n";
			showEnvVarsInLog = 0;
		};
/* End PBXShellScriptBuildPhase section */

/* Begin PBXSourcesBuildPhase section */
		52D3B6292C074CD3009EFEA1 /* Sources */ = {
			isa = PBXSourcesBuildPhase;
			buildActionMask = 2147483647;
			files = (
				52D3B6652C074D7C009EFEA1 /* TADataManager.swift in Sources */,
				52D3B6672C074D9D009EFEA1 /* TAAPIConstants.swift in Sources */,
				52D3B67C2C08AFAC009EFEA1 /* TAPostDetailViewController.swift in Sources */,
				52D3B6352C074CD3009EFEA1 /* TAPostListViewController.swift in Sources */,
				52D3B6312C074CD3009EFEA1 /* AppDelegate.swift in Sources */,
				52D3B66B2C0758BB009EFEA1 /* TAStringConstants.swift in Sources */,
				52D3B67E2C08B3E8009EFEA1 /* TAComputationCacheManager.swift in Sources */,
				52D3B6712C0841AC009EFEA1 /* TAPostTableViewCell.swift in Sources */,
				52D3B6692C0757D5009EFEA1 /* TAPost.swift in Sources */,
				52D3B6332C074CD3009EFEA1 /* SceneDelegate.swift in Sources */,
				52D3B66E2C08275B009EFEA1 /* TAPostListViewModel.swift in Sources */,
			);
			runOnlyForDeploymentPostprocessing = 0;
		};
		52D3B63F2C074CD7009EFEA1 /* Sources */ = {
			isa = PBXSourcesBuildPhase;
			buildActionMask = 2147483647;
			files = (
				52D3B6482C074CD7009EFEA1 /* TestAssessmentTests.swift in Sources */,
			);
			runOnlyForDeploymentPostprocessing = 0;
		};
		52D3B6492C074CD7009EFEA1 /* Sources */ = {
			isa = PBXSourcesBuildPhase;
			buildActionMask = 2147483647;
			files = (
				52D3B6542C074CD7009EFEA1 /* TestAssessmentUITestsLaunchTests.swift in Sources */,
				52D3B6522C074CD7009EFEA1 /* TestAssessmentUITests.swift in Sources */,
			);
			runOnlyForDeploymentPostprocessing = 0;
		};
/* End PBXSourcesBuildPhase section */

/* Begin PBXTargetDependency section */
		52D3B6452C074CD7009EFEA1 /* PBXTargetDependency */ = {
			isa = PBXTargetDependency;
			target = 52D3B62C2C074CD3009EFEA1 /* TestAssessment */;
			targetProxy = 52D3B6442C074CD7009EFEA1 /* PBXContainerItemProxy */;
		};
		52D3B64F2C074CD7009EFEA1 /* PBXTargetDependency */ = {
			isa = PBXTargetDependency;
			target = 52D3B62C2C074CD3009EFEA1 /* TestAssessment */;
			targetProxy = 52D3B64E2C074CD7009EFEA1 /* PBXContainerItemProxy */;
		};
/* End PBXTargetDependency section */

/* Begin PBXVariantGroup section */
		52D3B6362C074CD3009EFEA1 /* Main.storyboard */ = {
			isa = PBXVariantGroup;
			children = (
				52D3B6372C074CD3009EFEA1 /* Base */,
			);
			name = Main.storyboard;
			sourceTree = "<group>";
		};
		52D3B63B2C074CD7009EFEA1 /* LaunchScreen.storyboard */ = {
			isa = PBXVariantGroup;
			children = (
				52D3B63C2C074CD7009EFEA1 /* Base */,
			);
			name = LaunchScreen.storyboard;
			sourceTree = "<group>";
		};
/* End PBXVariantGroup section */

/* Begin XCBuildConfiguration section */
		52D3B6552C074CD7009EFEA1 /* Debug */ = {
			isa = XCBuildConfiguration;
			buildSettings = {
				ALWAYS_SEARCH_USER_PATHS = NO;
				ASSETCATALOG_COMPILER_GENERATE_SWIFT_ASSET_SYMBOL_EXTENSIONS = YES;
				CLANG_ANALYZER_NONNULL = YES;
				CLANG_ANALYZER_NUMBER_OBJECT_CONVERSION = YES_AGGRESSIVE;
				CLANG_CXX_LANGUAGE_STANDARD = "gnu++20";
				CLANG_ENABLE_MODULES = YES;
				CLANG_ENABLE_OBJC_ARC = YES;
				CLANG_ENABLE_OBJC_WEAK = YES;
				CLANG_WARN_BLOCK_CAPTURE_AUTORELEASING = YES;
				CLANG_WARN_BOOL_CONVERSION = YES;
				CLANG_WARN_COMMA = YES;
				CLANG_WARN_CONSTANT_CONVERSION = YES;
				CLANG_WARN_DEPRECATED_OBJC_IMPLEMENTATIONS = YES;
				CLANG_WARN_DIRECT_OBJC_ISA_USAGE = YES_ERROR;
				CLANG_WARN_DOCUMENTATION_COMMENTS = YES;
				CLANG_WARN_EMPTY_BODY = YES;
				CLANG_WARN_ENUM_CONVERSION = YES;
				CLANG_WARN_INFINITE_RECURSION = YES;
				CLANG_WARN_INT_CONVERSION = YES;
				CLANG_WARN_NON_LITERAL_NULL_CONVERSION = YES;
				CLANG_WARN_OBJC_IMPLICIT_RETAIN_SELF = YES;
				CLANG_WARN_OBJC_LITERAL_CONVERSION = YES;
				CLANG_WARN_OBJC_ROOT_CLASS = YES_ERROR;
				CLANG_WARN_QUOTED_INCLUDE_IN_FRAMEWORK_HEADER = YES;
				CLANG_WARN_RANGE_LOOP_ANALYSIS = YES;
				CLANG_WARN_STRICT_PROTOTYPES = YES;
				CLANG_WARN_SUSPICIOUS_MOVE = YES;
				CLANG_WARN_UNGUARDED_AVAILABILITY = YES_AGGRESSIVE;
				CLANG_WARN_UNREACHABLE_CODE = YES;
				CLANG_WARN__DUPLICATE_METHOD_MATCH = YES;
				COPY_PHASE_STRIP = NO;
				DEBUG_INFORMATION_FORMAT = dwarf;
				ENABLE_STRICT_OBJC_MSGSEND = YES;
				ENABLE_TESTABILITY = YES;
				ENABLE_USER_SCRIPT_SANDBOXING = NO;
				GCC_C_LANGUAGE_STANDARD = gnu17;
				GCC_DYNAMIC_NO_PIC = NO;
				GCC_NO_COMMON_BLOCKS = YES;
				GCC_OPTIMIZATION_LEVEL = 0;
				GCC_PREPROCESSOR_DEFINITIONS = (
					"DEBUG=1",
					"$(inherited)",
				);
				GCC_WARN_64_TO_32_BIT_CONVERSION = YES;
				GCC_WARN_ABOUT_RETURN_TYPE = YES_ERROR;
				GCC_WARN_UNDECLARED_SELECTOR = YES;
				GCC_WARN_UNINITIALIZED_AUTOS = YES_AGGRESSIVE;
				GCC_WARN_UNUSED_FUNCTION = YES;
				GCC_WARN_UNUSED_VARIABLE = YES;
				IPHONEOS_DEPLOYMENT_TARGET = 15.0;
				LOCALIZATION_PREFERS_STRING_CATALOGS = YES;
				MTL_ENABLE_DEBUG_INFO = INCLUDE_SOURCE;
				MTL_FAST_MATH = YES;
				ONLY_ACTIVE_ARCH = YES;
				SDKROOT = iphoneos;
				SWIFT_ACTIVE_COMPILATION_CONDITIONS = "DEBUG $(inherited)";
				SWIFT_OPTIMIZATION_LEVEL = "-Onone";
			};
			name = Debug;
		};
		52D3B6562C074CD7009EFEA1 /* Release */ = {
			isa = XCBuildConfiguration;
			buildSettings = {
				ALWAYS_SEARCH_USER_PATHS = NO;
				ASSETCATALOG_COMPILER_GENERATE_SWIFT_ASSET_SYMBOL_EXTENSIONS = YES;
				CLANG_ANALYZER_NONNULL = YES;
				CLANG_ANALYZER_NUMBER_OBJECT_CONVERSION = YES_AGGRESSIVE;
				CLANG_CXX_LANGUAGE_STANDARD = "gnu++20";
				CLANG_ENABLE_MODULES = YES;
				CLANG_ENABLE_OBJC_ARC = YES;
				CLANG_ENABLE_OBJC_WEAK = YES;
				CLANG_WARN_BLOCK_CAPTURE_AUTORELEASING = YES;
				CLANG_WARN_BOOL_CONVERSION = YES;
				CLANG_WARN_COMMA = YES;
				CLANG_WARN_CONSTANT_CONVERSION = YES;
				CLANG_WARN_DEPRECATED_OBJC_IMPLEMENTATIONS = YES;
				CLANG_WARN_DIRECT_OBJC_ISA_USAGE = YES_ERROR;
				CLANG_WARN_DOCUMENTATION_COMMENTS = YES;
				CLANG_WARN_EMPTY_BODY = YES;
				CLANG_WARN_ENUM_CONVERSION = YES;
				CLANG_WARN_INFINITE_RECURSION = YES;
				CLANG_WARN_INT_CONVERSION = YES;
				CLANG_WARN_NON_LITERAL_NULL_CONVERSION = YES;
				CLANG_WARN_OBJC_IMPLICIT_RETAIN_SELF = YES;
				CLANG_WARN_OBJC_LITERAL_CONVERSION = YES;
				CLANG_WARN_OBJC_ROOT_CLASS = YES_ERROR;
				CLANG_WARN_QUOTED_INCLUDE_IN_FRAMEWORK_HEADER = YES;
				CLANG_WARN_RANGE_LOOP_ANALYSIS = YES;
				CLANG_WARN_STRICT_PROTOTYPES = YES;
				CLANG_WARN_SUSPICIOUS_MOVE = YES;
				CLANG_WARN_UNGUARDED_AVAILABILITY = YES_AGGRESSIVE;
				CLANG_WARN_UNREACHABLE_CODE = YES;
				CLANG_WARN__DUPLICATE_METHOD_MATCH = YES;
				COPY_PHASE_STRIP = NO;
				DEBUG_INFORMATION_FORMAT = "dwarf-with-dsym";
				ENABLE_NS_ASSERTIONS = NO;
				ENABLE_STRICT_OBJC_MSGSEND = YES;
				ENABLE_USER_SCRIPT_SANDBOXING = NO;
				GCC_C_LANGUAGE_STANDARD = gnu17;
				GCC_NO_COMMON_BLOCKS = YES;
				GCC_WARN_64_TO_32_BIT_CONVERSION = YES;
				GCC_WARN_ABOUT_RETURN_TYPE = YES_ERROR;
				GCC_WARN_UNDECLARED_SELECTOR = YES;
				GCC_WARN_UNINITIALIZED_AUTOS = YES_AGGRESSIVE;
				GCC_WARN_UNUSED_FUNCTION = YES;
				GCC_WARN_UNUSED_VARIABLE = YES;
				IPHONEOS_DEPLOYMENT_TARGET = 15.0;
				LOCALIZATION_PREFERS_STRING_CATALOGS = YES;
				MTL_ENABLE_DEBUG_INFO = NO;
				MTL_FAST_MATH = YES;
				SDKROOT = iphoneos;
				SWIFT_COMPILATION_MODE = wholemodule;
				VALIDATE_PRODUCT = YES;
			};
			name = Release;
		};
		52D3B6582C074CD7009EFEA1 /* Debug */ = {
			isa = XCBuildConfiguration;
			baseConfigurationReference = 0BF69E741DAAE471EF176505 /* Pods-TestAssessment.debug.xcconfig */;
			buildSettings = {
				ASSETCATALOG_COMPILER_APPICON_NAME = AppIcon;
				ASSETCATALOG_COMPILER_GLOBAL_ACCENT_COLOR_NAME = AccentColor;
				CODE_SIGN_STYLE = Automatic;
				CURRENT_PROJECT_VERSION = 1;
				DEVELOPMENT_TEAM = 37HT9X7V8C;
				GENERATE_INFOPLIST_FILE = YES;
				INFOPLIST_FILE = TestAssessment/Info.plist;
				INFOPLIST_KEY_UIApplicationSupportsIndirectInputEvents = YES;
				INFOPLIST_KEY_UILaunchStoryboardName = LaunchScreen;
				INFOPLIST_KEY_UIMainStoryboardFile = Main;
				INFOPLIST_KEY_UISupportedInterfaceOrientations_iPad = "UIInterfaceOrientationPortrait UIInterfaceOrientationPortraitUpsideDown UIInterfaceOrientationLandscapeLeft UIInterfaceOrientationLandscapeRight";
				INFOPLIST_KEY_UISupportedInterfaceOrientations_iPhone = "UIInterfaceOrientationPortrait UIInterfaceOrientationLandscapeLeft UIInterfaceOrientationLandscapeRight";
				LD_RUNPATH_SEARCH_PATHS = (
					"$(inherited)",
					"@executable_path/Frameworks",
				);
				MARKETING_VERSION = 1.0;
				PRODUCT_BUNDLE_IDENTIFIER = com.athulya.TestAssessment;
				PRODUCT_NAME = "$(TARGET_NAME)";
				SWIFT_EMIT_LOC_STRINGS = YES;
				SWIFT_VERSION = 5.0;
				TARGETED_DEVICE_FAMILY = "1,2";
			};
			name = Debug;
		};
		52D3B6592C074CD7009EFEA1 /* Release */ = {
			isa = XCBuildConfiguration;
			baseConfigurationReference = 47A4F63AF4BD16E0137D3D2C /* Pods-TestAssessment.release.xcconfig */;
			buildSettings = {
				ASSETCATALOG_COMPILER_APPICON_NAME = AppIcon;
				ASSETCATALOG_COMPILER_GLOBAL_ACCENT_COLOR_NAME = AccentColor;
				CODE_SIGN_STYLE = Automatic;
				CURRENT_PROJECT_VERSION = 1;
				DEVELOPMENT_TEAM = 37HT9X7V8C;
				GENERATE_INFOPLIST_FILE = YES;
				INFOPLIST_FILE = TestAssessment/Info.plist;
				INFOPLIST_KEY_UIApplicationSupportsIndirectInputEvents = YES;
				INFOPLIST_KEY_UILaunchStoryboardName = LaunchScreen;
				INFOPLIST_KEY_UIMainStoryboardFile = Main;
				INFOPLIST_KEY_UISupportedInterfaceOrientations_iPad = "UIInterfaceOrientationPortrait UIInterfaceOrientationPortraitUpsideDown UIInterfaceOrientationLandscapeLeft UIInterfaceOrientationLandscapeRight";
				INFOPLIST_KEY_UISupportedInterfaceOrientations_iPhone = "UIInterfaceOrientationPortrait UIInterfaceOrientationLandscapeLeft UIInterfaceOrientationLandscapeRight";
				LD_RUNPATH_SEARCH_PATHS = (
					"$(inherited)",
					"@executable_path/Frameworks",
				);
				MARKETING_VERSION = 1.0;
				PRODUCT_BUNDLE_IDENTIFIER = com.athulya.TestAssessment;
				PRODUCT_NAME = "$(TARGET_NAME)";
				SWIFT_EMIT_LOC_STRINGS = YES;
				SWIFT_VERSION = 5.0;
				TARGETED_DEVICE_FAMILY = "1,2";
			};
			name = Release;
		};
		52D3B65B2C074CD7009EFEA1 /* Debug */ = {
			isa = XCBuildConfiguration;
			baseConfigurationReference = D44958DC0E2B83892F1502AE /* Pods-TestAssessmentTests.debug.xcconfig */;
			buildSettings = {
				ALWAYS_EMBED_SWIFT_STANDARD_LIBRARIES = YES;
				BUNDLE_LOADER = "$(TEST_HOST)";
				CODE_SIGN_STYLE = Automatic;
				CURRENT_PROJECT_VERSION = 1;
				DEVELOPMENT_TEAM = 37HT9X7V8C;
				GENERATE_INFOPLIST_FILE = YES;
				IPHONEOS_DEPLOYMENT_TARGET = 17.2;
				MARKETING_VERSION = 1.0;
				PRODUCT_BUNDLE_IDENTIFIER = com.athulya.TestAssessmentTests;
				PRODUCT_NAME = "$(TARGET_NAME)";
				SWIFT_EMIT_LOC_STRINGS = NO;
				SWIFT_VERSION = 5.0;
				TARGETED_DEVICE_FAMILY = "1,2";
				TEST_HOST = "$(BUILT_PRODUCTS_DIR)/TestAssessment.app/$(BUNDLE_EXECUTABLE_FOLDER_PATH)/TestAssessment";
			};
			name = Debug;
		};
		52D3B65C2C074CD7009EFEA1 /* Release */ = {
			isa = XCBuildConfiguration;
			baseConfigurationReference = CD7DA7C215AB6D19EB4EFEF0 /* Pods-TestAssessmentTests.release.xcconfig */;
			buildSettings = {
				ALWAYS_EMBED_SWIFT_STANDARD_LIBRARIES = YES;
				BUNDLE_LOADER = "$(TEST_HOST)";
				CODE_SIGN_STYLE = Automatic;
				CURRENT_PROJECT_VERSION = 1;
				DEVELOPMENT_TEAM = 37HT9X7V8C;
				GENERATE_INFOPLIST_FILE = YES;
				IPHONEOS_DEPLOYMENT_TARGET = 17.2;
				MARKETING_VERSION = 1.0;
				PRODUCT_BUNDLE_IDENTIFIER = com.athulya.TestAssessmentTests;
				PRODUCT_NAME = "$(TARGET_NAME)";
				SWIFT_EMIT_LOC_STRINGS = NO;
				SWIFT_VERSION = 5.0;
				TARGETED_DEVICE_FAMILY = "1,2";
				TEST_HOST = "$(BUILT_PRODUCTS_DIR)/TestAssessment.app/$(BUNDLE_EXECUTABLE_FOLDER_PATH)/TestAssessment";
			};
			name = Release;
		};
		52D3B65E2C074CD7009EFEA1 /* Debug */ = {
			isa = XCBuildConfiguration;
			baseConfigurationReference = CC53FBF7391C33B0EEB5CC5C /* Pods-TestAssessment-TestAssessmentUITests.debug.xcconfig */;
			buildSettings = {
				ALWAYS_EMBED_SWIFT_STANDARD_LIBRARIES = YES;
				CODE_SIGN_STYLE = Automatic;
				CURRENT_PROJECT_VERSION = 1;
				DEVELOPMENT_TEAM = 37HT9X7V8C;
				GENERATE_INFOPLIST_FILE = YES;
				MARKETING_VERSION = 1.0;
				PRODUCT_BUNDLE_IDENTIFIER = com.athulya.TestAssessmentUITests;
				PRODUCT_NAME = "$(TARGET_NAME)";
				SWIFT_EMIT_LOC_STRINGS = NO;
				SWIFT_VERSION = 5.0;
				TARGETED_DEVICE_FAMILY = "1,2";
				TEST_TARGET_NAME = TestAssessment;
			};
			name = Debug;
		};
		52D3B65F2C074CD7009EFEA1 /* Release */ = {
			isa = XCBuildConfiguration;
			baseConfigurationReference = C0D9397F1395290B8A4F9C94 /* Pods-TestAssessment-TestAssessmentUITests.release.xcconfig */;
			buildSettings = {
				ALWAYS_EMBED_SWIFT_STANDARD_LIBRARIES = YES;
				CODE_SIGN_STYLE = Automatic;
				CURRENT_PROJECT_VERSION = 1;
				DEVELOPMENT_TEAM = 37HT9X7V8C;
				GENERATE_INFOPLIST_FILE = YES;
				MARKETING_VERSION = 1.0;
				PRODUCT_BUNDLE_IDENTIFIER = com.athulya.TestAssessmentUITests;
				PRODUCT_NAME = "$(TARGET_NAME)";
				SWIFT_EMIT_LOC_STRINGS = NO;
				SWIFT_VERSION = 5.0;
				TARGETED_DEVICE_FAMILY = "1,2";
				TEST_TARGET_NAME = TestAssessment;
			};
			name = Release;
		};
/* End XCBuildConfiguration section */

/* Begin XCConfigurationList section */
		52D3B6282C074CD3009EFEA1 /* Build configuration list for PBXProject "TestAssessment" */ = {
			isa = XCConfigurationList;
			buildConfigurations = (
				52D3B6552C074CD7009EFEA1 /* Debug */,
				52D3B6562C074CD7009EFEA1 /* Release */,
			);
			defaultConfigurationIsVisible = 0;
			defaultConfigurationName = Release;
		};
		52D3B6572C074CD7009EFEA1 /* Build configuration list for PBXNativeTarget "TestAssessment" */ = {
			isa = XCConfigurationList;
			buildConfigurations = (
				52D3B6582C074CD7009EFEA1 /* Debug */,
				52D3B6592C074CD7009EFEA1 /* Release */,
			);
			defaultConfigurationIsVisible = 0;
			defaultConfigurationName = Release;
		};
		52D3B65A2C074CD7009EFEA1 /* Build configuration list for PBXNativeTarget "TestAssessmentTests" */ = {
			isa = XCConfigurationList;
			buildConfigurations = (
				52D3B65B2C074CD7009EFEA1 /* Debug */,
				52D3B65C2C074CD7009EFEA1 /* Release */,
			);
			defaultConfigurationIsVisible = 0;
			defaultConfigurationName = Release;
		};
		52D3B65D2C074CD7009EFEA1 /* Build configuration list for PBXNativeTarget "TestAssessmentUITests" */ = {
			isa = XCConfigurationList;
			buildConfigurations = (
				52D3B65E2C074CD7009EFEA1 /* Debug */,
				52D3B65F2C074CD7009EFEA1 /* Release */,
			);
			defaultConfigurationIsVisible = 0;
			defaultConfigurationName = Release;
		};
/* End XCConfigurationList section */
	};
	rootObject = 52D3B6252C074CD3009EFEA1 /* Project object */;
}
